
Microsoft Visual Studio Solution File, Format Version 12.00
# Visual Studio Version 16
VisualStudioVersion = 16.0.30523.141
MinimumVisualStudioVersion = 10.0.40219.1
Project("{FAE04EC0-301F-11D3-BF4B-00C04F79EFBC}") = "Motok_Andreea_Lab5", "Motok_Andreea_Lab5\Motok_Andreea_Lab5.csproj", "{48E2C24A-705F-4D01-ADBB-A6757E4B9852}"
EndProject
Global
	GlobalSection(SolutionConfigurationPlatforms) = preSolution
		Debug|Any CPU = Debug|Any CPU
		Release|Any CPU = Release|Any CPU
	EndGlobalSection
	GlobalSection(ProjectConfigurationPlatforms) = postSolution
		{48E2C24A-705F-4D01-ADBB-A6757E4B9852}.Debug|Any CPU.ActiveCfg = Debug|Any CPU
		{48E2C24A-705F-4D01-ADBB-A6757E4B9852}.Debug|Any CPU.Build.0 = Debug|Any CPU
		{48E2C24A-705F-4D01-ADBB-A6757E4B9852}.Release|Any CPU.ActiveCfg = Release|Any CPU
		{48E2C24A-705F-4D01-ADBB-A6757E4B9852}.Release|Any CPU.Build.0 = Release|Any CPU
	EndGlobalSection
	GlobalSection(SolutionProperties) = preSolution
		HideSolutionNode = FALSE
	EndGlobalSection
	GlobalSection(ExtensibilityGlobals) = postSolution
		SolutionGuid = {BE2659C6-D0D9-4856-B788-E7DFECA3A3AD}
	EndGlobalSection
EndGlobal
